
Microsoft Visual Studio Solution File, Format Version 12.00
# Visual Studio 15
VisualStudioVersion = 15.0.27428.2037
MinimumVisualStudioVersion = 10.0.40219.1
Project("{9A19103F-16F7-4668-BE54-9A1E7A4F7556}") = "Escolas.Dominio", "Escolas.Dominio\Escolas.Dominio.csproj", "{9B9E90D8-990E-497F-89DE-96FDB9E78C3B}"
EndProject
Project("{FAE04EC0-301F-11D3-BF4B-00C04F79EFBC}") = "Escolas.Dominio.Cliente", "Escolas.Dominio.Cliente\Escolas.Dominio.Cliente.csproj", "{E2604CB1-E321-4476-9904-C271C39E8FED}"
EndProject
Project("{FAE04EC0-301F-11D3-BF4B-00C04F79EFBC}") = "Escolas.Aplicacao", "Escolas.Aplicacao\Escolas.Aplicacao.csproj", "{0937DF01-9809-4861-9CCA-1A55AB3596D6}"
EndProject
Global
	GlobalSection(SolutionConfigurationPlatforms) = preSolution
		Debug|Any CPU = Debug|Any CPU
		Release|Any CPU = Release|Any CPU
	EndGlobalSection
	GlobalSection(ProjectConfigurationPlatforms) = postSolution
		{9B9E90D8-990E-497F-89DE-96FDB9E78C3B}.Debug|Any CPU.ActiveCfg = Debug|Any CPU
		{9B9E90D8-990E-497F-89DE-96FDB9E78C3B}.Debug|Any CPU.Build.0 = Debug|Any CPU
		{9B9E90D8-990E-497F-89DE-96FDB9E78C3B}.Release|Any CPU.ActiveCfg = Release|Any CPU
		{9B9E90D8-990E-497F-89DE-96FDB9E78C3B}.Release|Any CPU.Build.0 = Release|Any CPU
		{E2604CB1-E321-4476-9904-C271C39E8FED}.Debug|Any CPU.ActiveCfg = Debug|Any CPU
		{E2604CB1-E321-4476-9904-C271C39E8FED}.Debug|Any CPU.Build.0 = Debug|Any CPU
		{E2604CB1-E321-4476-9904-C271C39E8FED}.Release|Any CPU.ActiveCfg = Release|Any CPU
		{E2604CB1-E321-4476-9904-C271C39E8FED}.Release|Any CPU.Build.0 = Release|Any CPU
		{0937DF01-9809-4861-9CCA-1A55AB3596D6}.Debug|Any CPU.ActiveCfg = Debug|Any CPU
		{0937DF01-9809-4861-9CCA-1A55AB3596D6}.Debug|Any CPU.Build.0 = Debug|Any CPU
		{0937DF01-9809-4861-9CCA-1A55AB3596D6}.Release|Any CPU.ActiveCfg = Release|Any CPU
		{0937DF01-9809-4861-9CCA-1A55AB3596D6}.Release|Any CPU.Build.0 = Release|Any CPU
	EndGlobalSection
	GlobalSection(SolutionProperties) = preSolution
		HideSolutionNode = FALSE
	EndGlobalSection
	GlobalSection(ExtensibilityGlobals) = postSolution
		SolutionGuid = {615F0212-6695-456C-AA82-CA8EA562EE09}
	EndGlobalSection
EndGlobal
